
Microsoft Visual Studio Solution File, Format Version 12.00
# Visual Studio 2013
VisualStudioVersion = 12.0.40629.0
MinimumVisualStudioVersion = 10.0.40219.1
Project("{8BC9CEB8-8B4A-11D0-8D11-00A0C91BC942}") = "Bomberman", "Bomberman\Bomberman.vcxproj", "{954E11A7-6697-4505-8B23-D12DC7412BF4}"
EndProject
Global
	GlobalSection(SolutionConfigurationPlatforms) = preSolution
		Debug|Win32 = Debug|Win32
		Release|Win32 = Release|Win32
	EndGlobalSection
	GlobalSection(ProjectConfigurationPlatforms) = postSolution
		{954E11A7-6697-4505-8B23-D12DC7412BF4}.Debug|Win32.ActiveCfg = Debug|Win32
		{954E11A7-6697-4505-8B23-D12DC7412BF4}.Debug|Win32.Build.0 = Debug|Win32
		{954E11A7-6697-4505-8B23-D12DC7412BF4}.Release|Win32.ActiveCfg = Release|Win32
		{954E11A7-6697-4505-8B23-D12DC7412BF4}.Release|Win32.Build.0 = Release|Win32
	EndGlobalSection
	GlobalSection(SolutionProperties) = preSolution
		HideSolutionNode = FALSE
	EndGlobalSection
EndGlobal
